// !$*UTF8*$!
{
	archiveVersion = 1;
	classes = {
	};
	objectVersion = 46;
	objects = {

/* Begin PBXBuildFile section */
		BF2AF2261D8EC58B0046AF20 /* TreasureDataSDK.framework in Frameworks */ = {isa = PBXBuildFile; fileRef = BF2AF21C1D8EC58B0046AF20 /* TreasureDataSDK.framework */; };
		BF2AF22D1D8EC58B0046AF20 /* TreasureDataSDK.h in Headers */ = {isa = PBXBuildFile; fileRef = BF2AF21F1D8EC58B0046AF20 /* TreasureDataSDK.h */; settings = {ATTRIBUTES = (Public, ); }; };
		BF2AF2681D8EC7100046AF20 /* Configuration.swift in Sources */ = {isa = PBXBuildFile; fileRef = BF2AF2591D8EC7100046AF20 /* Configuration.swift */; };
		BF2AF2691D8EC7100046AF20 /* Device.swift in Sources */ = {isa = PBXBuildFile; fileRef = BF2AF25A1D8EC7100046AF20 /* Device.swift */; };
		BF2AF26A1D8EC7100046AF20 /* Result.swift in Sources */ = {isa = PBXBuildFile; fileRef = BF2AF25C1D8EC7100046AF20 /* Result.swift */; };
		BF2AF26B1D8EC7100046AF20 /* Event.swift in Sources */ = {isa = PBXBuildFile; fileRef = BF2AF25D1D8EC7100046AF20 /* Event.swift */; };
		BF2AF26C1D8EC7100046AF20 /* String+PathComponent.swift in Sources */ = {isa = PBXBuildFile; fileRef = BF2AF25F1D8EC7100046AF20 /* String+PathComponent.swift */; };
		BF2AF26D1D8EC7100046AF20 /* UIDevice+DeviceModel.swift in Sources */ = {isa = PBXBuildFile; fileRef = BF2AF2601D8EC7100046AF20 /* UIDevice+DeviceModel.swift */; };
		BF2AF26E1D8EC7100046AF20 /* RealmFileHandler.swift in Sources */ = {isa = PBXBuildFile; fileRef = BF2AF2621D8EC7100046AF20 /* RealmFileHandler.swift */; };
		BF2AF26F1D8EC7100046AF20 /* TreasureData.swift in Sources */ = {isa = PBXBuildFile; fileRef = BF2AF2631D8EC7100046AF20 /* TreasureData.swift */; };
		BF2AF2701D8EC7100046AF20 /* TreasureDataSDK.h in Headers */ = {isa = PBXBuildFile; fileRef = BF2AF2641D8EC7100046AF20 /* TreasureDataSDK.h */; };
		BF2AF2711D8EC7100046AF20 /* Uploader.swift in Sources */ = {isa = PBXBuildFile; fileRef = BF2AF2651D8EC7100046AF20 /* Uploader.swift */; };
		BF2AF2721D8EC7100046AF20 /* UploadingDiscriminator.swift in Sources */ = {isa = PBXBuildFile; fileRef = BF2AF2661D8EC7100046AF20 /* UploadingDiscriminator.swift */; };
		BF2AF2731D8EC7100046AF20 /* UploadRequest.swift in Sources */ = {isa = PBXBuildFile; fileRef = BF2AF2671D8EC7100046AF20 /* UploadRequest.swift */; };
		BF2AF2771D8EC9270046AF20 /* Realm.framework in Frameworks */ = {isa = PBXBuildFile; fileRef = BF2AF2751D8EC9270046AF20 /* Realm.framework */; };
		BF2AF2781D8EC9270046AF20 /* RealmSwift.framework in Frameworks */ = {isa = PBXBuildFile; fileRef = BF2AF2761D8EC9270046AF20 /* RealmSwift.framework */; };
		BF2AF27A1D8F59630046AF20 /* Realm.framework in Copy Frameworks */ = {isa = PBXBuildFile; fileRef = BF2AF2751D8EC9270046AF20 /* Realm.framework */; settings = {ATTRIBUTES = (CodeSignOnCopy, RemoveHeadersOnCopy, ); }; };
		BF2AF27B1D8F59630046AF20 /* RealmSwift.framework in Copy Frameworks */ = {isa = PBXBuildFile; fileRef = BF2AF2761D8EC9270046AF20 /* RealmSwift.framework */; settings = {ATTRIBUTES = (CodeSignOnCopy, RemoveHeadersOnCopy, ); }; };
		BF2AF28A1D8F59840046AF20 /* ConfigurationTests.swift in Sources */ = {isa = PBXBuildFile; fileRef = BF2AF27D1D8F59840046AF20 /* ConfigurationTests.swift */; };
		BF2AF28B1D8F59840046AF20 /* DeviceTests.swift in Sources */ = {isa = PBXBuildFile; fileRef = BF2AF27E1D8F59840046AF20 /* DeviceTests.swift */; };
		BF2AF28C1D8F59840046AF20 /* EventTests.swift in Sources */ = {isa = PBXBuildFile; fileRef = BF2AF27F1D8F59840046AF20 /* EventTests.swift */; };
		BF2AF2901D8F59840046AF20 /* TreasureDataTests.swift in Sources */ = {isa = PBXBuildFile; fileRef = BF2AF2851D8F59840046AF20 /* TreasureDataTests.swift */; };
		BF2AF2911D8F59840046AF20 /* UIDevice+DeviceModelTests.swift in Sources */ = {isa = PBXBuildFile; fileRef = BF2AF2861D8F59840046AF20 /* UIDevice+DeviceModelTests.swift */; };
		BF2AF2921D8F59840046AF20 /* UploaderTests.swift in Sources */ = {isa = PBXBuildFile; fileRef = BF2AF2871D8F59840046AF20 /* UploaderTests.swift */; };
		BF2AF2931D8F59840046AF20 /* UploadingDiscriminatorTests.swift in Sources */ = {isa = PBXBuildFile; fileRef = BF2AF2881D8F59840046AF20 /* UploadingDiscriminatorTests.swift */; };
		BF2AF2941D8F59840046AF20 /* UploadRequestTests.swift in Sources */ = {isa = PBXBuildFile; fileRef = BF2AF2891D8F59840046AF20 /* UploadRequestTests.swift */; };
		BF2AF2991D8F59A40046AF20 /* URLSessionStub.swift in Sources */ = {isa = PBXBuildFile; fileRef = BF2AF2971D8F59A40046AF20 /* URLSessionStub.swift */; };
		BF2AF29A1D8F59A40046AF20 /* UIDeviceStub.swift in Sources */ = {isa = PBXBuildFile; fileRef = BF2AF2981D8F59A40046AF20 /* UIDeviceStub.swift */; };
/* End PBXBuildFile section */

/* Begin PBXContainerItemProxy section */
		BF2AF2271D8EC58B0046AF20 /* PBXContainerItemProxy */ = {
			isa = PBXContainerItemProxy;
			containerPortal = BF2AF2131D8EC58B0046AF20 /* Project object */;
			proxyType = 1;
			remoteGlobalIDString = BF2AF21B1D8EC58B0046AF20;
			remoteInfo = TreasureDataSDK;
		};
/* End PBXContainerItemProxy section */

/* Begin PBXCopyFilesBuildPhase section */
		BF2AF2791D8F59570046AF20 /* Copy Frameworks */ = {
			isa = PBXCopyFilesBuildPhase;
			buildActionMask = 2147483647;
			dstPath = "";
			dstSubfolderSpec = 10;
			files = (
				BF2AF27A1D8F59630046AF20 /* Realm.framework in Copy Frameworks */,
				BF2AF27B1D8F59630046AF20 /* RealmSwift.framework in Copy Frameworks */,
			);
			name = "Copy Frameworks";
			runOnlyForDeploymentPostprocessing = 0;
		};
/* End PBXCopyFilesBuildPhase section */

/* Begin PBXFileReference section */
		BF2AF21C1D8EC58B0046AF20 /* TreasureDataSDK.framework */ = {isa = PBXFileReference; explicitFileType = wrapper.framework; includeInIndex = 0; path = TreasureDataSDK.framework; sourceTree = BUILT_PRODUCTS_DIR; };
		BF2AF21F1D8EC58B0046AF20 /* TreasureDataSDK.h */ = {isa = PBXFileReference; lastKnownFileType = sourcecode.c.h; path = TreasureDataSDK.h; sourceTree = "<group>"; };
		BF2AF2201D8EC58B0046AF20 /* Info.plist */ = {isa = PBXFileReference; lastKnownFileType = text.plist.xml; path = Info.plist; sourceTree = "<group>"; };
		BF2AF2251D8EC58B0046AF20 /* TreasureDataSDKTests.xctest */ = {isa = PBXFileReference; explicitFileType = wrapper.cfbundle; includeInIndex = 0; path = TreasureDataSDKTests.xctest; sourceTree = BUILT_PRODUCTS_DIR; };
		BF2AF22C1D8EC58B0046AF20 /* Info.plist */ = {isa = PBXFileReference; lastKnownFileType = text.plist.xml; path = Info.plist; sourceTree = "<group>"; };
		BF2AF2591D8EC7100046AF20 /* Configuration.swift */ = {isa = PBXFileReference; fileEncoding = 4; lastKnownFileType = sourcecode.swift; path = Configuration.swift; sourceTree = "<group>"; };
		BF2AF25A1D8EC7100046AF20 /* Device.swift */ = {isa = PBXFileReference; fileEncoding = 4; lastKnownFileType = sourcecode.swift; path = Device.swift; sourceTree = "<group>"; };
		BF2AF25C1D8EC7100046AF20 /* Result.swift */ = {isa = PBXFileReference; fileEncoding = 4; lastKnownFileType = sourcecode.swift; path = Result.swift; sourceTree = "<group>"; };
		BF2AF25D1D8EC7100046AF20 /* Event.swift */ = {isa = PBXFileReference; fileEncoding = 4; lastKnownFileType = sourcecode.swift; path = Event.swift; sourceTree = "<group>"; };
		BF2AF25F1D8EC7100046AF20 /* String+PathComponent.swift */ = {isa = PBXFileReference; fileEncoding = 4; lastKnownFileType = sourcecode.swift; path = "String+PathComponent.swift"; sourceTree = "<group>"; };
		BF2AF2601D8EC7100046AF20 /* UIDevice+DeviceModel.swift */ = {isa = PBXFileReference; fileEncoding = 4; lastKnownFileType = sourcecode.swift; path = "UIDevice+DeviceModel.swift"; sourceTree = "<group>"; };
		BF2AF2621D8EC7100046AF20 /* RealmFileHandler.swift */ = {isa = PBXFileReference; fileEncoding = 4; lastKnownFileType = sourcecode.swift; path = RealmFileHandler.swift; sourceTree = "<group>"; };
		BF2AF2631D8EC7100046AF20 /* TreasureData.swift */ = {isa = PBXFileReference; fileEncoding = 4; lastKnownFileType = sourcecode.swift; path = TreasureData.swift; sourceTree = "<group>"; };
		BF2AF2641D8EC7100046AF20 /* TreasureDataSDK.h */ = {isa = PBXFileReference; fileEncoding = 4; lastKnownFileType = sourcecode.c.h; path = TreasureDataSDK.h; sourceTree = "<group>"; };
		BF2AF2651D8EC7100046AF20 /* Uploader.swift */ = {isa = PBXFileReference; fileEncoding = 4; lastKnownFileType = sourcecode.swift; path = Uploader.swift; sourceTree = "<group>"; };
		BF2AF2661D8EC7100046AF20 /* UploadingDiscriminator.swift */ = {isa = PBXFileReference; fileEncoding = 4; lastKnownFileType = sourcecode.swift; path = UploadingDiscriminator.swift; sourceTree = "<group>"; };
		BF2AF2671D8EC7100046AF20 /* UploadRequest.swift */ = {isa = PBXFileReference; fileEncoding = 4; lastKnownFileType = sourcecode.swift; path = UploadRequest.swift; sourceTree = "<group>"; };
		BF2AF2751D8EC9270046AF20 /* Realm.framework */ = {isa = PBXFileReference; lastKnownFileType = wrapper.framework; name = Realm.framework; path = Carthage/Build/iOS/Realm.framework; sourceTree = "<group>"; };
		BF2AF2761D8EC9270046AF20 /* RealmSwift.framework */ = {isa = PBXFileReference; lastKnownFileType = wrapper.framework; name = RealmSwift.framework; path = Carthage/Build/iOS/RealmSwift.framework; sourceTree = "<group>"; };
		BF2AF27D1D8F59840046AF20 /* ConfigurationTests.swift */ = {isa = PBXFileReference; fileEncoding = 4; lastKnownFileType = sourcecode.swift; path = ConfigurationTests.swift; sourceTree = "<group>"; };
		BF2AF27E1D8F59840046AF20 /* DeviceTests.swift */ = {isa = PBXFileReference; fileEncoding = 4; lastKnownFileType = sourcecode.swift; path = DeviceTests.swift; sourceTree = "<group>"; };
		BF2AF27F1D8F59840046AF20 /* EventTests.swift */ = {isa = PBXFileReference; fileEncoding = 4; lastKnownFileType = sourcecode.swift; path = EventTests.swift; sourceTree = "<group>"; };
		BF2AF2851D8F59840046AF20 /* TreasureDataTests.swift */ = {isa = PBXFileReference; fileEncoding = 4; lastKnownFileType = sourcecode.swift; path = TreasureDataTests.swift; sourceTree = "<group>"; };
		BF2AF2861D8F59840046AF20 /* UIDevice+DeviceModelTests.swift */ = {isa = PBXFileReference; fileEncoding = 4; lastKnownFileType = sourcecode.swift; path = "UIDevice+DeviceModelTests.swift"; sourceTree = "<group>"; };
		BF2AF2871D8F59840046AF20 /* UploaderTests.swift */ = {isa = PBXFileReference; fileEncoding = 4; lastKnownFileType = sourcecode.swift; path = UploaderTests.swift; sourceTree = "<group>"; };
		BF2AF2881D8F59840046AF20 /* UploadingDiscriminatorTests.swift */ = {isa = PBXFileReference; fileEncoding = 4; lastKnownFileType = sourcecode.swift; path = UploadingDiscriminatorTests.swift; sourceTree = "<group>"; };
		BF2AF2891D8F59840046AF20 /* UploadRequestTests.swift */ = {isa = PBXFileReference; fileEncoding = 4; lastKnownFileType = sourcecode.swift; path = UploadRequestTests.swift; sourceTree = "<group>"; };
		BF2AF2971D8F59A40046AF20 /* URLSessionStub.swift */ = {isa = PBXFileReference; fileEncoding = 4; lastKnownFileType = sourcecode.swift; path = URLSessionStub.swift; sourceTree = "<group>"; };
		BF2AF2981D8F59A40046AF20 /* UIDeviceStub.swift */ = {isa = PBXFileReference; fileEncoding = 4; lastKnownFileType = sourcecode.swift; path = UIDeviceStub.swift; sourceTree = "<group>"; };
/* End PBXFileReference section */

/* Begin PBXFrameworksBuildPhase section */
		BF2AF2181D8EC58B0046AF20 /* Frameworks */ = {
			isa = PBXFrameworksBuildPhase;
			buildActionMask = 2147483647;
			files = (
				BF2AF2771D8EC9270046AF20 /* Realm.framework in Frameworks */,
				BF2AF2781D8EC9270046AF20 /* RealmSwift.framework in Frameworks */,
			);
			runOnlyForDeploymentPostprocessing = 0;
		};
		BF2AF2221D8EC58B0046AF20 /* Frameworks */ = {
			isa = PBXFrameworksBuildPhase;
			buildActionMask = 2147483647;
			files = (
				BF2AF2261D8EC58B0046AF20 /* TreasureDataSDK.framework in Frameworks */,
			);
			runOnlyForDeploymentPostprocessing = 0;
		};
/* End PBXFrameworksBuildPhase section */

/* Begin PBXGroup section */
		BF2AF2121D8EC58B0046AF20 = {
			isa = PBXGroup;
			children = (
				BF2AF21E1D8EC58B0046AF20 /* TreasureDataSDK */,
				BF2AF2291D8EC58B0046AF20 /* TreasureDataSDKTests */,
				BF2AF21D1D8EC58B0046AF20 /* Products */,
				BF2AF2741D8EC9270046AF20 /* Frameworks */,
			);
			sourceTree = "<group>";
		};
		BF2AF21D1D8EC58B0046AF20 /* Products */ = {
			isa = PBXGroup;
			children = (
				BF2AF21C1D8EC58B0046AF20 /* TreasureDataSDK.framework */,
				BF2AF2251D8EC58B0046AF20 /* TreasureDataSDKTests.xctest */,
			);
			name = Products;
			sourceTree = "<group>";
		};
		BF2AF21E1D8EC58B0046AF20 /* TreasureDataSDK */ = {
			isa = PBXGroup;
			children = (
				BF2AF21F1D8EC58B0046AF20 /* TreasureDataSDK.h */,
				BF2AF2581D8EC7100046AF20 /* Source */,
				BF2AF2201D8EC58B0046AF20 /* Info.plist */,
			);
			path = TreasureDataSDK;
			sourceTree = "<group>";
		};
		BF2AF2291D8EC58B0046AF20 /* TreasureDataSDKTests */ = {
			isa = PBXGroup;
			children = (
				BF2AF2951D8F59A40046AF20 /* TestHelpers */,
				BF2AF27C1D8F59840046AF20 /* Tests */,
				BF2AF22C1D8EC58B0046AF20 /* Info.plist */,
			);
			path = TreasureDataSDKTests;
			sourceTree = "<group>";
		};
		BF2AF2581D8EC7100046AF20 /* Source */ = {
			isa = PBXGroup;
			children = (
				BF2AF2591D8EC7100046AF20 /* Configuration.swift */,
				BF2AF25A1D8EC7100046AF20 /* Device.swift */,
				BF2AF25B1D8EC7100046AF20 /* Enumerations */,
				BF2AF25D1D8EC7100046AF20 /* Event.swift */,
				BF2AF25E1D8EC7100046AF20 /* Extensions */,
				BF2AF2611D8EC7100046AF20 /* Helpers */,
				BF2AF2631D8EC7100046AF20 /* TreasureData.swift */,
				BF2AF2641D8EC7100046AF20 /* TreasureDataSDK.h */,
				BF2AF2651D8EC7100046AF20 /* Uploader.swift */,
				BF2AF2661D8EC7100046AF20 /* UploadingDiscriminator.swift */,
				BF2AF2671D8EC7100046AF20 /* UploadRequest.swift */,
			);
			path = Source;
			sourceTree = SOURCE_ROOT;
		};
		BF2AF25B1D8EC7100046AF20 /* Enumerations */ = {
			isa = PBXGroup;
			children = (
				BF2AF25C1D8EC7100046AF20 /* Result.swift */,
			);
			path = Enumerations;
			sourceTree = "<group>";
		};
		BF2AF25E1D8EC7100046AF20 /* Extensions */ = {
			isa = PBXGroup;
			children = (
				BF2AF25F1D8EC7100046AF20 /* String+PathComponent.swift */,
				BF2AF2601D8EC7100046AF20 /* UIDevice+DeviceModel.swift */,
			);
			path = Extensions;
			sourceTree = "<group>";
		};
		BF2AF2611D8EC7100046AF20 /* Helpers */ = {
			isa = PBXGroup;
			children = (
				BF2AF2621D8EC7100046AF20 /* RealmFileHandler.swift */,
			);
			path = Helpers;
			sourceTree = "<group>";
		};
		BF2AF2741D8EC9270046AF20 /* Frameworks */ = {
			isa = PBXGroup;
			children = (
				BF2AF2751D8EC9270046AF20 /* Realm.framework */,
				BF2AF2761D8EC9270046AF20 /* RealmSwift.framework */,
			);
			name = Frameworks;
			sourceTree = "<group>";
		};
		BF2AF27C1D8F59840046AF20 /* Tests */ = {
			isa = PBXGroup;
			children = (
				BF2AF27D1D8F59840046AF20 /* ConfigurationTests.swift */,
				BF2AF27E1D8F59840046AF20 /* DeviceTests.swift */,
				BF2AF27F1D8F59840046AF20 /* EventTests.swift */,
				BF2AF2851D8F59840046AF20 /* TreasureDataTests.swift */,
				BF2AF2861D8F59840046AF20 /* UIDevice+DeviceModelTests.swift */,
				BF2AF2871D8F59840046AF20 /* UploaderTests.swift */,
				BF2AF2881D8F59840046AF20 /* UploadingDiscriminatorTests.swift */,
				BF2AF2891D8F59840046AF20 /* UploadRequestTests.swift */,
			);
			path = Tests;
			sourceTree = SOURCE_ROOT;
		};
		BF2AF2951D8F59A40046AF20 /* TestHelpers */ = {
			isa = PBXGroup;
			children = (
				BF2AF2961D8F59A40046AF20 /* Stubs */,
			);
			path = TestHelpers;
			sourceTree = SOURCE_ROOT;
		};
		BF2AF2961D8F59A40046AF20 /* Stubs */ = {
			isa = PBXGroup;
			children = (
				BF2AF2971D8F59A40046AF20 /* URLSessionStub.swift */,
				BF2AF2981D8F59A40046AF20 /* UIDeviceStub.swift */,
			);
			path = Stubs;
			sourceTree = "<group>";
		};
/* End PBXGroup section */

/* Begin PBXHeadersBuildPhase section */
		BF2AF2191D8EC58B0046AF20 /* Headers */ = {
			isa = PBXHeadersBuildPhase;
			buildActionMask = 2147483647;
			files = (
				BF2AF2701D8EC7100046AF20 /* TreasureDataSDK.h in Headers */,
				BF2AF22D1D8EC58B0046AF20 /* TreasureDataSDK.h in Headers */,
			);
			runOnlyForDeploymentPostprocessing = 0;
		};
/* End PBXHeadersBuildPhase section */

/* Begin PBXNativeTarget section */
		BF2AF21B1D8EC58B0046AF20 /* TreasureDataSDK */ = {
			isa = PBXNativeTarget;
			buildConfigurationList = BF2AF2301D8EC58B0046AF20 /* Build configuration list for PBXNativeTarget "TreasureDataSDK" */;
			buildPhases = (
				BF2AF2171D8EC58B0046AF20 /* Sources */,
				BF2AF2181D8EC58B0046AF20 /* Frameworks */,
				BF2AF2191D8EC58B0046AF20 /* Headers */,
				BF2AF21A1D8EC58B0046AF20 /* Resources */,
			);
			buildRules = (
			);
			dependencies = (
			);
			name = TreasureDataSDK;
			productName = TreasureDataSDK;
			productReference = BF2AF21C1D8EC58B0046AF20 /* TreasureDataSDK.framework */;
			productType = "com.apple.product-type.framework";
		};
		BF2AF2241D8EC58B0046AF20 /* TreasureDataSDKTests */ = {
			isa = PBXNativeTarget;
			buildConfigurationList = BF2AF2331D8EC58B0046AF20 /* Build configuration list for PBXNativeTarget "TreasureDataSDKTests" */;
			buildPhases = (
				BF2AF2211D8EC58B0046AF20 /* Sources */,
				BF2AF2221D8EC58B0046AF20 /* Frameworks */,
				BF2AF2231D8EC58B0046AF20 /* Resources */,
				BF2AF2791D8F59570046AF20 /* Copy Frameworks */,
			);
			buildRules = (
			);
			dependencies = (
				BF2AF2281D8EC58B0046AF20 /* PBXTargetDependency */,
			);
			name = TreasureDataSDKTests;
			productName = TreasureDataSDKTests;
			productReference = BF2AF2251D8EC58B0046AF20 /* TreasureDataSDKTests.xctest */;
			productType = "com.apple.product-type.bundle.unit-test";
		};
/* End PBXNativeTarget section */

/* Begin PBXProject section */
		BF2AF2131D8EC58B0046AF20 /* Project object */ = {
			isa = PBXProject;
			attributes = {
				LastSwiftUpdateCheck = 0800;
				LastUpgradeCheck = 0800;
				ORGANIZATIONNAME = "Recruit Lifestyle Co., Ltd.";
				TargetAttributes = {
					BF2AF21B1D8EC58B0046AF20 = {
						CreatedOnToolsVersion = 8.0;
						DevelopmentTeam = 4HG2762R5U;
						ProvisioningStyle = Automatic;
					};
					BF2AF2241D8EC58B0046AF20 = {
						CreatedOnToolsVersion = 8.0;
						DevelopmentTeam = 4HG2762R5U;
						LastSwiftMigration = 0800;
						ProvisioningStyle = Automatic;
					};
				};
			};
			buildConfigurationList = BF2AF2161D8EC58B0046AF20 /* Build configuration list for PBXProject "TreasureDataSDK" */;
			compatibilityVersion = "Xcode 3.2";
			developmentRegion = English;
			hasScannedForEncodings = 0;
			knownRegions = (
				en,
			);
			mainGroup = BF2AF2121D8EC58B0046AF20;
			productRefGroup = BF2AF21D1D8EC58B0046AF20 /* Products */;
			projectDirPath = "";
			projectRoot = "";
			targets = (
				BF2AF21B1D8EC58B0046AF20 /* TreasureDataSDK */,
				BF2AF2241D8EC58B0046AF20 /* TreasureDataSDKTests */,
			);
		};
/* End PBXProject section */

/* Begin PBXResourcesBuildPhase section */
		BF2AF21A1D8EC58B0046AF20 /* Resources */ = {
			isa = PBXResourcesBuildPhase;
			buildActionMask = 2147483647;
			files = (
			);
			runOnlyForDeploymentPostprocessing = 0;
		};
		BF2AF2231D8EC58B0046AF20 /* Resources */ = {
			isa = PBXResourcesBuildPhase;
			buildActionMask = 2147483647;
			files = (
			);
			runOnlyForDeploymentPostprocessing = 0;
		};
/* End PBXResourcesBuildPhase section */

/* Begin PBXSourcesBuildPhase section */
		BF2AF2171D8EC58B0046AF20 /* Sources */ = {
			isa = PBXSourcesBuildPhase;
			buildActionMask = 2147483647;
			files = (
				BF2AF26B1D8EC7100046AF20 /* Event.swift in Sources */,
				BF2AF26E1D8EC7100046AF20 /* RealmFileHandler.swift in Sources */,
				BF2AF26F1D8EC7100046AF20 /* TreasureData.swift in Sources */,
				BF2AF2711D8EC7100046AF20 /* Uploader.swift in Sources */,
				BF2AF2721D8EC7100046AF20 /* UploadingDiscriminator.swift in Sources */,
				BF2AF2731D8EC7100046AF20 /* UploadRequest.swift in Sources */,
				BF2AF26A1D8EC7100046AF20 /* Result.swift in Sources */,
				BF2AF26C1D8EC7100046AF20 /* String+PathComponent.swift in Sources */,
				BF2AF26D1D8EC7100046AF20 /* UIDevice+DeviceModel.swift in Sources */,
				BF2AF2681D8EC7100046AF20 /* Configuration.swift in Sources */,
				BF2AF2691D8EC7100046AF20 /* Device.swift in Sources */,
			);
			runOnlyForDeploymentPostprocessing = 0;
		};
		BF2AF2211D8EC58B0046AF20 /* Sources */ = {
			isa = PBXSourcesBuildPhase;
			buildActionMask = 2147483647;
			files = (
				BF2AF2931D8F59840046AF20 /* UploadingDiscriminatorTests.swift in Sources */,
				BF2AF29A1D8F59A40046AF20 /* UIDeviceStub.swift in Sources */,
				BF2AF2901D8F59840046AF20 /* TreasureDataTests.swift in Sources */,
				BF2AF2991D8F59A40046AF20 /* URLSessionStub.swift in Sources */,
				BF2AF28A1D8F59840046AF20 /* ConfigurationTests.swift in Sources */,
				BF2AF2921D8F59840046AF20 /* UploaderTests.swift in Sources */,
				BF2AF28C1D8F59840046AF20 /* EventTests.swift in Sources */,
				BF2AF28B1D8F59840046AF20 /* DeviceTests.swift in Sources */,
				BF2AF2941D8F59840046AF20 /* UploadRequestTests.swift in Sources */,
				BF2AF2911D8F59840046AF20 /* UIDevice+DeviceModelTests.swift in Sources */,
			);
			runOnlyForDeploymentPostprocessing = 0;
		};
/* End PBXSourcesBuildPhase section */

/* Begin PBXTargetDependency section */
		BF2AF2281D8EC58B0046AF20 /* PBXTargetDependency */ = {
			isa = PBXTargetDependency;
			target = BF2AF21B1D8EC58B0046AF20 /* TreasureDataSDK */;
			targetProxy = BF2AF2271D8EC58B0046AF20 /* PBXContainerItemProxy */;
		};
/* End PBXTargetDependency section */

/* Begin XCBuildConfiguration section */
		BF2AF22E1D8EC58B0046AF20 /* Debug */ = {
			isa = XCBuildConfiguration;
			buildSettings = {
				ALWAYS_SEARCH_USER_PATHS = NO;
				CLANG_ANALYZER_NONNULL = YES;
				CLANG_CXX_LANGUAGE_STANDARD = "gnu++0x";
				CLANG_CXX_LIBRARY = "libc++";
				CLANG_ENABLE_MODULES = YES;
				CLANG_ENABLE_OBJC_ARC = YES;
				CLANG_WARN_BOOL_CONVERSION = YES;
				CLANG_WARN_CONSTANT_CONVERSION = YES;
				CLANG_WARN_DIRECT_OBJC_ISA_USAGE = YES_ERROR;
				CLANG_WARN_DOCUMENTATION_COMMENTS = YES;
				CLANG_WARN_EMPTY_BODY = YES;
				CLANG_WARN_ENUM_CONVERSION = YES;
				CLANG_WARN_INFINITE_RECURSION = YES;
				CLANG_WARN_INT_CONVERSION = YES;
				CLANG_WARN_OBJC_ROOT_CLASS = YES_ERROR;
				CLANG_WARN_SUSPICIOUS_MOVES = YES;
				CLANG_WARN_UNREACHABLE_CODE = YES;
				CLANG_WARN__DUPLICATE_METHOD_MATCH = YES;
				"CODE_SIGN_IDENTITY[sdk=iphoneos*]" = "iPhone Developer";
				COPY_PHASE_STRIP = NO;
				CURRENT_PROJECT_VERSION = 1;
				DEBUG_INFORMATION_FORMAT = dwarf;
				ENABLE_STRICT_OBJC_MSGSEND = YES;
				ENABLE_TESTABILITY = YES;
				GCC_C_LANGUAGE_STANDARD = gnu99;
				GCC_DYNAMIC_NO_PIC = NO;
				GCC_NO_COMMON_BLOCKS = YES;
				GCC_OPTIMIZATION_LEVEL = 0;
				GCC_PREPROCESSOR_DEFINITIONS = (
					"DEBUG=1",
					"$(inherited)",
				);
				GCC_WARN_64_TO_32_BIT_CONVERSION = YES;
				GCC_WARN_ABOUT_RETURN_TYPE = YES_ERROR;
				GCC_WARN_UNDECLARED_SELECTOR = YES;
				GCC_WARN_UNINITIALIZED_AUTOS = YES_AGGRESSIVE;
				GCC_WARN_UNUSED_FUNCTION = YES;
				GCC_WARN_UNUSED_VARIABLE = YES;
				IPHONEOS_DEPLOYMENT_TARGET = 8.0;
				MTL_ENABLE_DEBUG_INFO = YES;
				ONLY_ACTIVE_ARCH = YES;
				SDKROOT = iphoneos;
				SWIFT_ACTIVE_COMPILATION_CONDITIONS = DEBUG;
				SWIFT_OPTIMIZATION_LEVEL = "-Onone";
				TARGETED_DEVICE_FAMILY = "1,2";
				VERSIONING_SYSTEM = "apple-generic";
				VERSION_INFO_PREFIX = "";
			};
			name = Debug;
		};
		BF2AF22F1D8EC58B0046AF20 /* Release */ = {
			isa = XCBuildConfiguration;
			buildSettings = {
				ALWAYS_SEARCH_USER_PATHS = NO;
				CLANG_ANALYZER_NONNULL = YES;
				CLANG_CXX_LANGUAGE_STANDARD = "gnu++0x";
				CLANG_CXX_LIBRARY = "libc++";
				CLANG_ENABLE_MODULES = YES;
				CLANG_ENABLE_OBJC_ARC = YES;
				CLANG_WARN_BOOL_CONVERSION = YES;
				CLANG_WARN_CONSTANT_CONVERSION = YES;
				CLANG_WARN_DIRECT_OBJC_ISA_USAGE = YES_ERROR;
				CLANG_WARN_DOCUMENTATION_COMMENTS = YES;
				CLANG_WARN_EMPTY_BODY = YES;
				CLANG_WARN_ENUM_CONVERSION = YES;
				CLANG_WARN_INFINITE_RECURSION = YES;
				CLANG_WARN_INT_CONVERSION = YES;
				CLANG_WARN_OBJC_ROOT_CLASS = YES_ERROR;
				CLANG_WARN_SUSPICIOUS_MOVES = YES;
				CLANG_WARN_UNREACHABLE_CODE = YES;
				CLANG_WARN__DUPLICATE_METHOD_MATCH = YES;
				"CODE_SIGN_IDENTITY[sdk=iphoneos*]" = "iPhone Developer";
				COPY_PHASE_STRIP = NO;
				CURRENT_PROJECT_VERSION = 1;
				DEBUG_INFORMATION_FORMAT = "dwarf-with-dsym";
				ENABLE_NS_ASSERTIONS = NO;
				ENABLE_STRICT_OBJC_MSGSEND = YES;
				GCC_C_LANGUAGE_STANDARD = gnu99;
				GCC_NO_COMMON_BLOCKS = YES;
				GCC_WARN_64_TO_32_BIT_CONVERSION = YES;
				GCC_WARN_ABOUT_RETURN_TYPE = YES_ERROR;
				GCC_WARN_UNDECLARED_SELECTOR = YES;
				GCC_WARN_UNINITIALIZED_AUTOS = YES_AGGRESSIVE;
				GCC_WARN_UNUSED_FUNCTION = YES;
				GCC_WARN_UNUSED_VARIABLE = YES;
				IPHONEOS_DEPLOYMENT_TARGET = 8.0;
				MTL_ENABLE_DEBUG_INFO = NO;
				SDKROOT = iphoneos;
				SWIFT_OPTIMIZATION_LEVEL = "-Owholemodule";
				TARGETED_DEVICE_FAMILY = "1,2";
				VALIDATE_PRODUCT = YES;
				VERSIONING_SYSTEM = "apple-generic";
				VERSION_INFO_PREFIX = "";
			};
			name = Release;
		};
		BF2AF2311D8EC58B0046AF20 /* Debug */ = {
			isa = XCBuildConfiguration;
			buildSettings = {
				CODE_SIGN_IDENTITY = "";
				DEFINES_MODULE = YES;
				DEVELOPMENT_TEAM = 4HG2762R5U;
				DYLIB_COMPATIBILITY_VERSION = 1;
				DYLIB_CURRENT_VERSION = 1;
				DYLIB_INSTALL_NAME_BASE = "@rpath";
				FRAMEWORK_SEARCH_PATHS = (
					"$(inherited)",
					"$(PROJECT_DIR)/Carthage/Build/iOS",
				);
				INFOPLIST_FILE = TreasureDataSDK/Info.plist;
				INSTALL_PATH = "$(LOCAL_LIBRARY_DIR)/Frameworks";
				LD_RUNPATH_SEARCH_PATHS = "$(inherited) @executable_path/Frameworks @loader_path/Frameworks";
				PRODUCT_BUNDLE_IDENTIFIER = "jp.co.recruit-lifestyle.TreasureDataSDK";
				PRODUCT_NAME = "$(TARGET_NAME)";
				SKIP_INSTALL = YES;
				SWIFT_VERSION = 3.0;
			};
			name = Debug;
		};
		BF2AF2321D8EC58B0046AF20 /* Release */ = {
			isa = XCBuildConfiguration;
			buildSettings = {
				CODE_SIGN_IDENTITY = "";
				DEFINES_MODULE = YES;
				DEVELOPMENT_TEAM = 4HG2762R5U;
				DYLIB_COMPATIBILITY_VERSION = 1;
				DYLIB_CURRENT_VERSION = 1;
				DYLIB_INSTALL_NAME_BASE = "@rpath";
				FRAMEWORK_SEARCH_PATHS = (
					"$(inherited)",
					"$(PROJECT_DIR)/Carthage/Build/iOS",
				);
				INFOPLIST_FILE = TreasureDataSDK/Info.plist;
				INSTALL_PATH = "$(LOCAL_LIBRARY_DIR)/Frameworks";
				LD_RUNPATH_SEARCH_PATHS = "$(inherited) @executable_path/Frameworks @loader_path/Frameworks";
				PRODUCT_BUNDLE_IDENTIFIER = "jp.co.recruit-lifestyle.TreasureDataSDK";
				PRODUCT_NAME = "$(TARGET_NAME)";
				SKIP_INSTALL = YES;
				SWIFT_VERSION = 3.0;
			};
			name = Release;
		};
		BF2AF2341D8EC58B0046AF20 /* Debug */ = {
			isa = XCBuildConfiguration;
			buildSettings = {
				ALWAYS_EMBED_SWIFT_STANDARD_LIBRARIES = YES;
				DEVELOPMENT_TEAM = 4HG2762R5U;
				FRAMEWORK_SEARCH_PATHS = (
					"$(inherited)",
					"$(PROJECT_DIR)/Carthage/Build/iOS",
				);
				INFOPLIST_FILE = TreasureDataSDKTests/Info.plist;
				LD_RUNPATH_SEARCH_PATHS = "$(inherited) @executable_path/Frameworks @loader_path/Frameworks";
				PRODUCT_BUNDLE_IDENTIFIER = "jp.co.recruit-lifestyle.TreasureDataSDKTests";
				PRODUCT_NAME = "$(TARGET_NAME)";
				SWIFT_VERSION = 3.0;
			};
			name = Debug;
		};
		BF2AF2351D8EC58B0046AF20 /* Release */ = {
			isa = XCBuildConfiguration;
			buildSettings = {
				ALWAYS_EMBED_SWIFT_STANDARD_LIBRARIES = YES;
				DEVELOPMENT_TEAM = 4HG2762R5U;
				FRAMEWORK_SEARCH_PATHS = (
					"$(inherited)",
					"$(PROJECT_DIR)/Carthage/Build/iOS",
				);
				INFOPLIST_FILE = TreasureDataSDKTests/Info.plist;
				LD_RUNPATH_SEARCH_PATHS = "$(inherited) @executable_path/Frameworks @loader_path/Frameworks";
				PRODUCT_BUNDLE_IDENTIFIER = "jp.co.recruit-lifestyle.TreasureDataSDKTests";
				PRODUCT_NAME = "$(TARGET_NAME)";
				SWIFT_VERSION = 3.0;
			};
			name = Release;
		};
/* End XCBuildConfiguration section */

/* Begin XCConfigurationList section */
		BF2AF2161D8EC58B0046AF20 /* Build configuration list for PBXProject "TreasureDataSDK" */ = {
			isa = XCConfigurationList;
			buildConfigurations = (
				BF2AF22E1D8EC58B0046AF20 /* Debug */,
				BF2AF22F1D8EC58B0046AF20 /* Release */,
			);
			defaultConfigurationIsVisible = 0;
			defaultConfigurationName = Release;
		};
		BF2AF2301D8EC58B0046AF20 /* Build configuration list for PBXNativeTarget "TreasureDataSDK" */ = {
			isa = XCConfigurationList;
			buildConfigurations = (
				BF2AF2311D8EC58B0046AF20 /* Debug */,
				BF2AF2321D8EC58B0046AF20 /* Release */,
			);
			defaultConfigurationIsVisible = 0;
			defaultConfigurationName = Release;
		};
		BF2AF2331D8EC58B0046AF20 /* Build configuration list for PBXNativeTarget "TreasureDataSDKTests" */ = {
			isa = XCConfigurationList;
			buildConfigurations = (
				BF2AF2341D8EC58B0046AF20 /* Debug */,
				BF2AF2351D8EC58B0046AF20 /* Release */,
			);
			defaultConfigurationIsVisible = 0;
			defaultConfigurationName = Release;
		};
/* End XCConfigurationList section */
	};
	rootObject = BF2AF2131D8EC58B0046AF20 /* Project object */;
}
